
Microsoft Visual Studio Solution File, Format Version 10.00
# Visual Studio 2008
Project("{FAE04EC0-301F-11D3-BF4B-00C04F79EFBC}") = "SalesLogix GitExtensions", "SalesLogix GitExtensions\SalesLogix GitExtensions.csproj", "{CDE9A291-6E4F-4AA2-9654-C7770956BFD3}"
EndProject
Global
	GlobalSection(SolutionConfigurationPlatforms) = preSolution
		Debug|Any CPU = Debug|Any CPU
		Release|Any CPU = Release|Any CPU
	EndGlobalSection
	GlobalSection(ProjectConfigurationPlatforms) = postSolution
		{CDE9A291-6E4F-4AA2-9654-C7770956BFD3}.Debug|Any CPU.ActiveCfg = Debug|Any CPU
		{CDE9A291-6E4F-4AA2-9654-C7770956BFD3}.Debug|Any CPU.Build.0 = Debug|Any CPU
		{CDE9A291-6E4F-4AA2-9654-C7770956BFD3}.Release|Any CPU.ActiveCfg = Release|Any CPU
		{CDE9A291-6E4F-4AA2-9654-C7770956BFD3}.Release|Any CPU.Build.0 = Release|Any CPU
	EndGlobalSection
	GlobalSection(SolutionProperties) = preSolution
		HideSolutionNode = FALSE
	EndGlobalSection
EndGlobal
